
Microsoft Visual Studio Solution File, Format Version 12.00
# Visual Studio Version 17
VisualStudioVersion = 17.11.35312.102
MinimumVisualStudioVersion = 10.0.40219.1
Project("{8BC9CEB8-8B4A-11D0-8D11-00A0C91BC942}") = "Fib2", "Fib2.vcxproj", "{664587A9-96FA-4D94-A242-CC1250FAFBAA}"
EndProject
Global
	GlobalSection(SolutionConfigurationPlatforms) = preSolution
		Debug|x64 = Debug|x64
		Debug|x86 = Debug|x86
		Release|x64 = Release|x64
		Release|x86 = Release|x86
	EndGlobalSection
	GlobalSection(ProjectConfigurationPlatforms) = postSolution
		{664587A9-96FA-4D94-A242-CC1250FAFBAA}.Debug|x64.ActiveCfg = Debug|x64
		{664587A9-96FA-4D94-A242-CC1250FAFBAA}.Debug|x64.Build.0 = Debug|x64
		{664587A9-96FA-4D94-A242-CC1250FAFBAA}.Debug|x86.ActiveCfg = Debug|Win32
		{664587A9-96FA-4D94-A242-CC1250FAFBAA}.Debug|x86.Build.0 = Debug|Win32
		{664587A9-96FA-4D94-A242-CC1250FAFBAA}.Release|x64.ActiveCfg = Release|x64
		{664587A9-96FA-4D94-A242-CC1250FAFBAA}.Release|x64.Build.0 = Release|x64
		{664587A9-96FA-4D94-A242-CC1250FAFBAA}.Release|x86.ActiveCfg = Release|Win32
		{664587A9-96FA-4D94-A242-CC1250FAFBAA}.Release|x86.Build.0 = Release|Win32
	EndGlobalSection
	GlobalSection(SolutionProperties) = preSolution
		HideSolutionNode = FALSE
	EndGlobalSection
	GlobalSection(ExtensibilityGlobals) = postSolution
		SolutionGuid = {57476800-3AF3-494F-B279-A1BE89508392}
	EndGlobalSection
EndGlobal
